
Microsoft Visual Studio Solution File, Format Version 12.00
# Visual Studio 15
VisualStudioVersion = 15.0.28307.168
MinimumVisualStudioVersion = 10.0.40219.1
Project("{9A19103F-16F7-4668-BE54-9A1E7A4F7556}") = "Api", "Api.csproj", "{35806C0D-9026-493E-BCE2-C6D9F4C059CE}"
EndProject
Project("{9A19103F-16F7-4668-BE54-9A1E7A4F7556}") = "Common", "..\Common\Common.csproj", "{C12E1784-2BDE-498B-AE13-C73367A3C416}"
EndProject
Project("{9A19103F-16F7-4668-BE54-9A1E7A4F7556}") = "Tests", "..\Tests\Tests.csproj", "{ADA3DB07-6825-4CE1-BDAF-C1BC3F26B093}"
EndProject
Global
	GlobalSection(SolutionConfigurationPlatforms) = preSolution
		Debug|Any CPU = Debug|Any CPU
		Release|Any CPU = Release|Any CPU
	EndGlobalSection
	GlobalSection(ProjectConfigurationPlatforms) = postSolution
		{35806C0D-9026-493E-BCE2-C6D9F4C059CE}.Debug|Any CPU.ActiveCfg = Debug|Any CPU
		{35806C0D-9026-493E-BCE2-C6D9F4C059CE}.Debug|Any CPU.Build.0 = Debug|Any CPU
		{35806C0D-9026-493E-BCE2-C6D9F4C059CE}.Release|Any CPU.ActiveCfg = Release|Any CPU
		{35806C0D-9026-493E-BCE2-C6D9F4C059CE}.Release|Any CPU.Build.0 = Release|Any CPU
		{C12E1784-2BDE-498B-AE13-C73367A3C416}.Debug|Any CPU.ActiveCfg = Debug|Any CPU
		{C12E1784-2BDE-498B-AE13-C73367A3C416}.Debug|Any CPU.Build.0 = Debug|Any CPU
		{C12E1784-2BDE-498B-AE13-C73367A3C416}.Release|Any CPU.ActiveCfg = Release|Any CPU
		{C12E1784-2BDE-498B-AE13-C73367A3C416}.Release|Any CPU.Build.0 = Release|Any CPU
		{ADA3DB07-6825-4CE1-BDAF-C1BC3F26B093}.Debug|Any CPU.ActiveCfg = Debug|Any CPU
		{ADA3DB07-6825-4CE1-BDAF-C1BC3F26B093}.Debug|Any CPU.Build.0 = Debug|Any CPU
		{ADA3DB07-6825-4CE1-BDAF-C1BC3F26B093}.Release|Any CPU.ActiveCfg = Release|Any CPU
		{ADA3DB07-6825-4CE1-BDAF-C1BC3F26B093}.Release|Any CPU.Build.0 = Release|Any CPU
	EndGlobalSection
	GlobalSection(SolutionProperties) = preSolution
		HideSolutionNode = FALSE
	EndGlobalSection
	GlobalSection(ExtensibilityGlobals) = postSolution
		SolutionGuid = {A3A0A3E6-6A4E-4509-9A80-5813317FA713}
	EndGlobalSection
EndGlobal
